
Microsoft Visual Studio Solution File, Format Version 12.00
# Visual Studio Version 16
VisualStudioVersion = 16.0.29025.244
MinimumVisualStudioVersion = 10.0.40219.1
Project("{FAE04EC0-301F-11D3-BF4B-00C04F79EFBC}") = "NewApp", "NewApp\NewApp.csproj", "{4BF7C47E-7B08-41D0-8D26-BD1E2BB1AFE3}"
EndProject
Global
	GlobalSection(SolutionConfigurationPlatforms) = preSolution
		Debug|Any CPU = Debug|Any CPU
		Release|Any CPU = Release|Any CPU
	EndGlobalSection
	GlobalSection(ProjectConfigurationPlatforms) = postSolution
		{4BF7C47E-7B08-41D0-8D26-BD1E2BB1AFE3}.Debug|Any CPU.ActiveCfg = Debug|Any CPU
		{4BF7C47E-7B08-41D0-8D26-BD1E2BB1AFE3}.Debug|Any CPU.Build.0 = Debug|Any CPU
		{4BF7C47E-7B08-41D0-8D26-BD1E2BB1AFE3}.Release|Any CPU.ActiveCfg = Release|Any CPU
		{4BF7C47E-7B08-41D0-8D26-BD1E2BB1AFE3}.Release|Any CPU.Build.0 = Release|Any CPU
	EndGlobalSection
	GlobalSection(SolutionProperties) = preSolution
		HideSolutionNode = FALSE
	EndGlobalSection
	GlobalSection(ExtensibilityGlobals) = postSolution
		SolutionGuid = {68AD0EF5-C23F-4009-85E1-7CA92928439A}
	EndGlobalSection
EndGlobal
